
Microsoft Visual Studio Solution File, Format Version 12.00
# Visual Studio Version 16
VisualStudioVersion = 16.0.29709.97
MinimumVisualStudioVersion = 10.0.40219.1
Project("{FAE04EC0-301F-11D3-BF4B-00C04F79EFBC}") = "MyWebshop", "MyWebshop\MyWebshop.csproj", "{E365C980-6344-447C-877F-8CEDF295DF86}"
EndProject
Global
	GlobalSection(SolutionConfigurationPlatforms) = preSolution
		Debug|Any CPU = Debug|Any CPU
		Release|Any CPU = Release|Any CPU
	EndGlobalSection
	GlobalSection(ProjectConfigurationPlatforms) = postSolution
		{E365C980-6344-447C-877F-8CEDF295DF86}.Debug|Any CPU.ActiveCfg = Debug|Any CPU
		{E365C980-6344-447C-877F-8CEDF295DF86}.Debug|Any CPU.Build.0 = Debug|Any CPU
		{E365C980-6344-447C-877F-8CEDF295DF86}.Release|Any CPU.ActiveCfg = Release|Any CPU
		{E365C980-6344-447C-877F-8CEDF295DF86}.Release|Any CPU.Build.0 = Release|Any CPU
	EndGlobalSection
	GlobalSection(SolutionProperties) = preSolution
		HideSolutionNode = FALSE
	EndGlobalSection
	GlobalSection(ExtensibilityGlobals) = postSolution
		SolutionGuid = {D018080C-F983-42ED-9983-516BE297372E}
	EndGlobalSection
EndGlobal
